<?xml version="1.0" encoding="utf-8"?>
<Project ToolsVersion="4.0" xmlns="http://schemas.microsoft.com/developer/msbuild/2003">
  <ItemGroup>
    <Filter Include="Source Files">
      <UniqueIdentifier>{4FC737F1-C7A5-4376-A066-2A32D752A2FF}</UniqueIdentifier>
      <Extensions>cpp;cxx;c;def</Extensions>
    </Filter>
    <Filter Include="Header Files">
      <UniqueIdentifier>{93995380-89BD-4b04-88EB-625FBE52EBFB}</UniqueIdentifier>
      <Extensions>h</Extensions>
    </Filter>
    <Filter Include="Form Files">
      <UniqueIdentifier>{99349809-55BA-4b9d-BF79-8FDBB0286EB3}</UniqueIdentifier>
      <Extensions>ui</Extensions>
    </Filter>
    <Filter Include="Resource Files">
      <UniqueIdentifier>{D9D6E242-F8AF-46E4-B9FD-80ECBC20BA3E}</UniqueIdentifier>
      <Extensions>qrc;*</Extensions>
      <ParseFiles>false</ParseFiles>
    </Filter>
    <Filter Include="Generated Files">
      <UniqueIdentifier>{71ED8ED8-ACB9-4CE9-BBE1-E00B30144E11}</UniqueIdentifier>
      <Extensions>moc;h;cpp</Extensions>
      <SourceControlFiles>False</SourceControlFiles>
    </Filter>
    <Filter Include="Generated Files\Debug">
      <UniqueIdentifier>{5d8e4e3f-f11f-4b44-8844-26965a7f5755}</UniqueIdentifier>
      <Extensions>cpp;moc</Extensions>
      <SourceControlFiles>False</SourceControlFiles>
    </Filter>
    <Filter Include="Generated Files\Release">
      <UniqueIdentifier>{85ae1233-b54c-4bb8-874f-b7785b71cd7c}</UniqueIdentifier>
      <Extensions>cpp;moc</Extensions>
      <SourceControlFiles>False</SourceControlFiles>
    </Filter>
  </ItemGroup>
  <ItemGroup>
    <ClCompile Include="main.cpp">
      <Filter>Source Files</Filter>
    </ClCompile>
    <ClCompile Include="GeneratedFiles\qrc_rpgmaker.cpp">
      <Filter>Generated Files</Filter>
    </ClCompile>
    <ClCompile Include="GeneratedFiles\Debug\moc_InterfaceModule.cpp">
      <Filter>Generated Files\Debug</Filter>
    </ClCompile>
    <ClCompile Include="GeneratedFiles\Release\moc_InterfaceModule.cpp">
      <Filter>Generated Files\Release</Filter>
    </ClCompile>
    <ClCompile Include="GeneratedFiles\Debug\moc_ProjectWindow.cpp">
      <Filter>Generated Files\Debug</Filter>
    </ClCompile>
    <ClCompile Include="GeneratedFiles\Release\moc_ProjectWindow.cpp">
      <Filter>Generated Files\Release</Filter>
    </ClCompile>
    <ClCompile Include="GeneratedFiles\Debug\moc_Logger.cpp">
      <Filter>Generated Files\Debug</Filter>
    </ClCompile>
    <ClCompile Include="GeneratedFiles\Release\moc_Logger.cpp">
      <Filter>Generated Files\Release</Filter>
    </ClCompile>
    <ClCompile Include="GeneratedFiles\Debug\moc_ElementsWindow.cpp">
      <Filter>Generated Files\Debug</Filter>
    </ClCompile>
    <ClCompile Include="GeneratedFiles\Release\moc_ElementsWindow.cpp">
      <Filter>Generated Files\Release</Filter>
    </ClCompile>
    <ClCompile Include="Logger.cpp">
      <Filter>Source Files</Filter>
    </ClCompile>
    <ClCompile Include="GeneratedFiles\Debug\moc_Element.cpp">
      <Filter>Generated Files\Debug</Filter>
    </ClCompile>
    <ClCompile Include="GeneratedFiles\Release\moc_Element.cpp">
      <Filter>Generated Files\Release</Filter>
    </ClCompile>
    <ClCompile Include="GeneratedFiles\Debug\moc_Attribute.cpp">
      <Filter>Generated Files\Debug</Filter>
    </ClCompile>
    <ClCompile Include="GeneratedFiles\Release\moc_Attribute.cpp">
      <Filter>Generated Files\Release</Filter>
    </ClCompile>
    <ClCompile Include="GeneratedFiles\Debug\moc_Class.cpp">
      <Filter>Generated Files\Debug</Filter>
    </ClCompile>
    <ClCompile Include="GeneratedFiles\Release\moc_Class.cpp">
      <Filter>Generated Files\Release</Filter>
    </ClCompile>
    <ClCompile Include="GeneratedFiles\Debug\moc_Enemy.cpp">
      <Filter>Generated Files\Debug</Filter>
    </ClCompile>
    <ClCompile Include="GeneratedFiles\Release\moc_Enemy.cpp">
      <Filter>Generated Files\Release</Filter>
    </ClCompile>
    <ClCompile Include="GeneratedFiles\Debug\moc_EnvironmentsWindow.cpp">
      <Filter>Generated Files\Debug</Filter>
    </ClCompile>
    <ClCompile Include="GeneratedFiles\Release\moc_EnvironmentsWindow.cpp">
      <Filter>Generated Files\Release</Filter>
    </ClCompile>
    <ClCompile Include="GeneratedFiles\Debug\moc_Properties.cpp">
      <Filter>Generated Files\Debug</Filter>
    </ClCompile>
    <ClCompile Include="GeneratedFiles\Release\moc_Properties.cpp">
      <Filter>Generated Files\Release</Filter>
    </ClCompile>
    <ClCompile Include="GeneratedFiles\Debug\moc_EnvironmentConfigWindow.cpp">
      <Filter>Generated Files\Debug</Filter>
    </ClCompile>
    <ClCompile Include="GeneratedFiles\Release\moc_EnvironmentConfigWindow.cpp">
      <Filter>Generated Files\Release</Filter>
    </ClCompile>
    <ClCompile Include="GeneratedFiles\Debug\moc_TilesetConfigWindow.cpp">
      <Filter>Generated Files\Debug</Filter>
    </ClCompile>
    <ClCompile Include="GeneratedFiles\Release\moc_TilesetConfigWindow.cpp">
      <Filter>Generated Files\Release</Filter>
    </ClCompile>
    <ClCompile Include="Components\Source\Project.cpp">
      <Filter>Source Files</Filter>
    </ClCompile>
    <ClCompile Include="Components\Source\ProjectException.cpp">
      <Filter>Source Files</Filter>
    </ClCompile>
    <ClCompile Include="Components\Source\Properties.cpp">
      <Filter>Source Files</Filter>
    </ClCompile>
    <ClCompile Include="Components\Source\Enemy.cpp">
      <Filter>Source Files</Filter>
    </ClCompile>
    <ClCompile Include="Components\Source\Character.cpp">
      <Filter>Source Files</Filter>
    </ClCompile>
    <ClCompile Include="Components\Source\Weapon.cpp">
      <Filter>Source Files</Filter>
    </ClCompile>
    <ClCompile Include="Components\Source\Element.cpp">
      <Filter>Source Files</Filter>
    </ClCompile>
    <ClCompile Include="Components\Source\Class.cpp">
      <Filter>Source Files</Filter>
    </ClCompile>
    <ClCompile Include="Components\Source\Attribute.cpp">
      <Filter>Source Files</Filter>
    </ClCompile>
    <ClCompile Include="Components\Source\Armor.cpp">
      <Filter>Source Files</Filter>
    </ClCompile>
    <ClCompile Include="Components\Source\Ability.cpp">
      <Filter>Source Files</Filter>
    </ClCompile>
    <ClCompile Include="InterfaceModule\Source\InterfaceException.cpp">
      <Filter>Source Files</Filter>
    </ClCompile>
    <ClCompile Include="InterfaceModule\Source\InterfaceModule.cpp">
      <Filter>Source Files</Filter>
    </ClCompile>
    <ClCompile Include="InterfaceModule\Source\ElementsWindow.cpp">
      <Filter>Source Files</Filter>
    </ClCompile>
    <ClCompile Include="InterfaceModule\Source\EnvironmentsWindow.cpp">
      <Filter>Source Files</Filter>
    </ClCompile>
    <ClCompile Include="InterfaceModule\Source\ProjectWindow.cpp">
      <Filter>Source Files</Filter>
    </ClCompile>
    <ClCompile Include="InterfaceModule\Source\PropertiesWindow.cpp">
      <Filter>Source Files</Filter>
    </ClCompile>
    <ClCompile Include="InterfaceModule\Source\EnvironmentConfigWindow.cpp">
      <Filter>Source Files</Filter>
    </ClCompile>
    <ClCompile Include="InterfaceModule\Source\TilesetConfigWindow.cpp">
      <Filter>Source Files</Filter>
    </ClCompile>
    <ClCompile Include="XMLModule\Source\XMLException.cpp">
      <Filter>Source Files</Filter>
    </ClCompile>
    <ClCompile Include="XMLModule\Source\XMLMessageHandler.cpp">
      <Filter>Source Files</Filter>
    </ClCompile>
    <ClCompile Include="XMLModule\Source\XMLModule.cpp">
      <Filter>Source Files</Filter>
    </ClCompile>
    <ClCompile Include="XMLModule\Source\XMLTranslator.cpp">
      <Filter>Source Files</Filter>
    </ClCompile>
    <ClCompile Include="Components\Source\Tile.cpp">
      <Filter>Source Files</Filter>
    </ClCompile>
    <ClCompile Include="Components\Source\StaticTile.cpp">
      <Filter>Source Files</Filter>
    </ClCompile>
    <ClCompile Include="Components\Source\AutoTile.cpp">
      <Filter>Source Files</Filter>
    </ClCompile>
    <ClCompile Include="Components\Source\Tileset.cpp">
      <Filter>Source Files</Filter>
    </ClCompile>
    <ClCompile Include="Components\Source\AutoTileset.cpp">
      <Filter>Source Files</Filter>
    </ClCompile>
    <ClCompile Include="Components\Source\StaticTileset.cpp">
      <Filter>Source Files</Filter>
    </ClCompile>
    <ClCompile Include="Components\Source\Environment.cpp">
      <Filter>Source Files</Filter>
    </ClCompile>
    <ClCompile Include="GeneratedFiles\Debug\moc_Environment.cpp">
      <Filter>Generated Files\Debug</Filter>
    </ClCompile>
    <ClCompile Include="GeneratedFiles\Release\moc_Environment.cpp">
      <Filter>Generated Files\Release</Filter>
    </ClCompile>
    <ClCompile Include="GeneratedFiles\Debug\moc_CharactersWindow.cpp">
      <Filter>Generated Files\Debug</Filter>
    </ClCompile>
    <ClCompile Include="GeneratedFiles\Release\moc_CharactersWindow.cpp">
      <Filter>Generated Files\Release</Filter>
    </ClCompile>
    <ClCompile Include="InterfaceModule\Source\CharactersWindow.cpp">
      <Filter>Source Files</Filter>
    </ClCompile>
    <ClCompile Include="InterfaceModule\Source\EnemiesWindow.cpp">
      <Filter>Source Files</Filter>
    </ClCompile>
    <ClCompile Include="GeneratedFiles\Debug\moc_CharacterConfigWindow.cpp">
      <Filter>Generated Files\Debug</Filter>
    </ClCompile>
    <ClCompile Include="GeneratedFiles\Release\moc_CharacterConfigWindow.cpp">
      <Filter>Generated Files\Release</Filter>
    </ClCompile>
    <ClCompile Include="InterfaceModule\Source\CharacterConfigWindow.cpp">
      <Filter>Source Files</Filter>
    </ClCompile>
    <ClCompile Include="GeneratedFiles\Debug\moc_EnemyConfigWindow.cpp">
      <Filter>Generated Files\Debug</Filter>
    </ClCompile>
    <ClCompile Include="GeneratedFiles\Release\moc_EnemyConfigWindow.cpp">
      <Filter>Generated Files\Release</Filter>
    </ClCompile>
    <ClCompile Include="InterfaceModule\Source\EnemyConfigWindow.cpp">
      <Filter>Source Files</Filter>
    </ClCompile>
    <ClCompile Include="InterfaceModule\Source\CharactersAndEnemiesWindow.cpp">
      <Filter>Source Files</Filter>
    </ClCompile>
    <ClCompile Include="GeneratedFiles\Debug\moc_AttributeSystem.cpp">
      <Filter>Generated Files\Debug</Filter>
    </ClCompile>
    <ClCompile Include="GeneratedFiles\Release\moc_AttributeSystem.cpp">
      <Filter>Generated Files\Release</Filter>
    </ClCompile>
    <ClCompile Include="Components\Source\AttributeSystem.cpp">
      <Filter>Source Files</Filter>
    </ClCompile>
    <ClCompile Include="GeneratedFiles\Debug\moc_AttributesWindow.cpp">
      <Filter>Generated Files\Debug</Filter>
    </ClCompile>
    <ClCompile Include="GeneratedFiles\Release\moc_AttributesWindow.cpp">
      <Filter>Generated Files\Release</Filter>
    </ClCompile>
    <ClCompile Include="InterfaceModule\Source\AttributesWindow.cpp">
      <Filter>Source Files</Filter>
    </ClCompile>
    <ClCompile Include="GeneratedFiles\Debug\moc_AbilitySystem.cpp">
      <Filter>Generated Files\Debug</Filter>
    </ClCompile>
    <ClCompile Include="GeneratedFiles\Release\moc_AbilitySystem.cpp">
      <Filter>Generated Files\Release</Filter>
    </ClCompile>
    <ClCompile Include="Components\Source\AbilitySystem.cpp">
      <Filter>Source Files</Filter>
    </ClCompile>
    <ClCompile Include="GeneratedFiles\Debug\moc_AbilitiesWindow.cpp">
      <Filter>Generated Files\Debug</Filter>
    </ClCompile>
    <ClCompile Include="GeneratedFiles\Release\moc_AbilitiesWindow.cpp">
      <Filter>Generated Files\Release</Filter>
    </ClCompile>
    <ClCompile Include="InterfaceModule\Source\AbilitiesWindow.cpp">
      <Filter>Source Files</Filter>
    </ClCompile>
    <ClCompile Include="GeneratedFiles\Debug\moc_ClassesWindow.cpp">
      <Filter>Generated Files\Debug</Filter>
    </ClCompile>
    <ClCompile Include="GeneratedFiles\Release\moc_ClassesWindow.cpp">
      <Filter>Generated Files\Release</Filter>
    </ClCompile>
    <ClCompile Include="InterfaceModule\Source\ClassesWindow.cpp">
      <Filter>Source Files</Filter>
    </ClCompile>
    <ClCompile Include="GeneratedFiles\Debug\moc_ArmorWindow.cpp">
      <Filter>Generated Files\Debug</Filter>
    </ClCompile>
    <ClCompile Include="GeneratedFiles\Release\moc_ArmorWindow.cpp">
      <Filter>Generated Files\Release</Filter>
    </ClCompile>
    <ClCompile Include="GeneratedFiles\Debug\moc_WeaponWindow.cpp">
      <Filter>Generated Files\Debug</Filter>
    </ClCompile>
    <ClCompile Include="GeneratedFiles\Release\moc_WeaponWindow.cpp">
      <Filter>Generated Files\Release</Filter>
    </ClCompile>
    <ClCompile Include="InterfaceModule\Source\ArmorWindow.cpp">
      <Filter>Source Files</Filter>
    </ClCompile>
    <ClCompile Include="InterfaceModule\Source\WeaponWindow.cpp">
      <Filter>Source Files</Filter>
    </ClCompile>
    <ClCompile Include="Components\Source\CharacterEquipment.cpp">
      <Filter>Source Files</Filter>
    </ClCompile>
    <ClCompile Include="GeneratedFiles\Debug\moc_CharacterEquipment.cpp">
      <Filter>Generated Files\Debug</Filter>
    </ClCompile>
    <ClCompile Include="GeneratedFiles\Release\moc_CharacterEquipment.cpp">
      <Filter>Generated Files\Release</Filter>
    </ClCompile>
    <ClCompile Include="GeneratedFiles\Debug\moc_EnemyDrops.cpp">
      <Filter>Generated Files\Debug</Filter>
    </ClCompile>
    <ClCompile Include="GeneratedFiles\Release\moc_EnemyDrops.cpp">
      <Filter>Generated Files\Release</Filter>
    </ClCompile>
    <ClCompile Include="Components\Source\EnemyDrops.cpp">
      <Filter>Source Files</Filter>
    </ClCompile>
    <ClCompile Include="Components\Source\EquipmentPiece.cpp">
      <Filter>Source Files</Filter>
    </ClCompile>
    <ClCompile Include="GeneratedFiles\Debug\moc_TileAccessWindow.cpp">
      <Filter>Generated Files\Debug</Filter>
    </ClCompile>
    <ClCompile Include="GeneratedFiles\Release\moc_TileAccessWindow.cpp">
      <Filter>Generated Files\Release</Filter>
    </ClCompile>
    <ClCompile Include="InterfaceModule\Source\TileAccessWindow.cpp">
      <Filter>Source Files</Filter>
    </ClCompile>
    <ClCompile Include="PlayModule\Source\Party.cpp">
      <Filter>Source Files</Filter>
    </ClCompile>
    <ClCompile Include="PlayModule\Source\PlayException.cpp">
      <Filter>Source Files</Filter>
    </ClCompile>
    <ClCompile Include="Components\Source\Accessory.cpp">
      <Filter>Source Files</Filter>
    </ClCompile>
    <ClCompile Include="GeneratedFiles\Debug\moc_AccessoriesWindow.cpp">
      <Filter>Generated Files\Debug</Filter>
    </ClCompile>
    <ClCompile Include="GeneratedFiles\Release\moc_AccessoriesWindow.cpp">
      <Filter>Generated Files\Release</Filter>
    </ClCompile>
    <ClCompile Include="InterfaceModule\Source\AccessoriesWindow.cpp">
      <Filter>Source Files</Filter>
    </ClCompile>
    <ClCompile Include="Components\Source\Event.cpp">
      <Filter>Source Files</Filter>
    </ClCompile>
    <ClCompile Include="GeneratedFiles\Debug\moc_StartEvent.cpp">
      <Filter>Generated Files\Debug</Filter>
    </ClCompile>
    <ClCompile Include="GeneratedFiles\Release\moc_StartEvent.cpp">
      <Filter>Generated Files\Release</Filter>
    </ClCompile>
    <ClCompile Include="Components\Source\StartEvent.cpp">
      <Filter>Source Files</Filter>
    </ClCompile>
    <ClCompile Include="GeneratedFiles\Debug\moc_PlayModule.cpp">
      <Filter>Generated Files\Debug</Filter>
    </ClCompile>
    <ClCompile Include="GeneratedFiles\Release\moc_PlayModule.cpp">
      <Filter>Generated Files\Release</Filter>
    </ClCompile>
    <ClCompile Include="PlayModule\Source\PlayModule.cpp">
      <Filter>Source Files</Filter>
    </ClCompile>
    <ClCompile Include="GeneratedFiles\Debug\moc_PlayConfigWindow.cpp">
      <Filter>Generated Files\Debug</Filter>
    </ClCompile>
    <ClCompile Include="GeneratedFiles\Release\moc_PlayConfigWindow.cpp">
      <Filter>Generated Files\Release</Filter>
    </ClCompile>
    <ClCompile Include="InterfaceModule\Source\PlayConfigWindow.cpp">
      <Filter>Source Files</Filter>
    </ClCompile>
    <ClCompile Include="Components\Source\Battlegroup.cpp">
      <Filter>Source Files</Filter>
    </ClCompile>
    <ClCompile Include="Components\Source\PortalEvent.cpp">
      <Filter>Source Files</Filter>
    </ClCompile>
    <ClCompile Include="GeneratedFiles\Debug\moc_TextEvent.cpp">
      <Filter>Generated Files\Debug</Filter>
    </ClCompile>
    <ClCompile Include="GeneratedFiles\Release\moc_TextEvent.cpp">
      <Filter>Generated Files\Release</Filter>
    </ClCompile>
    <ClCompile Include="Components\Source\TextEvent.cpp">
      <Filter>Source Files</Filter>
    </ClCompile>
    <ClCompile Include="Components\Source\BattleEvent.cpp">
      <Filter>Source Files</Filter>
    </ClCompile>
    <ClCompile Include="Components\Source\EventSystem.cpp">
      <Filter>Source Files</Filter>
    </ClCompile>
    <ClCompile Include="GeneratedFiles\Debug\moc_EventsWindow.cpp">
      <Filter>Generated Files\Debug</Filter>
    </ClCompile>
    <ClCompile Include="GeneratedFiles\Release\moc_EventsWindow.cpp">
      <Filter>Generated Files\Release</Filter>
    </ClCompile>
    <ClCompile Include="InterfaceModule\Source\TextEventWindow.cpp">
      <Filter>Source Files</Filter>
    </ClCompile>
    <ClCompile Include="InterfaceModule\Source\EventsWindow.cpp">
      <Filter>Source Files</Filter>
    </ClCompile>
    <ClCompile Include="GeneratedFiles\Debug\moc_PortalEventWindow.cpp">
      <Filter>Generated Files\Debug</Filter>
    </ClCompile>
    <ClCompile Include="GeneratedFiles\Release\moc_PortalEventWindow.cpp">
      <Filter>Generated Files\Release</Filter>
    </ClCompile>
    <ClCompile Include="InterfaceModule\Source\PortalEventWindow.cpp">
      <Filter>Source Files</Filter>
    </ClCompile>
    <ClCompile Include="GeneratedFiles\Debug\moc_BattleEventWindow.cpp">
      <Filter>Generated Files\Debug</Filter>
    </ClCompile>
    <ClCompile Include="GeneratedFiles\Release\moc_BattleEventWindow.cpp">
      <Filter>Generated Files\Release</Filter>
    </ClCompile>
    <ClCompile Include="InterfaceModule\Source\BattleEventWindow.cpp">
      <Filter>Source Files</Filter>
    </ClCompile>
    <ClCompile Include="GeneratedFiles\Debug\moc_BattlegroupsDialog.cpp">
      <Filter>Generated Files\Debug</Filter>
    </ClCompile>
    <ClCompile Include="GeneratedFiles\Release\moc_BattlegroupsDialog.cpp">
      <Filter>Generated Files\Release</Filter>
    </ClCompile>
    <ClCompile Include="InterfaceModule\Source\BattlegroupsDialog.cpp">
      <Filter>Source Files</Filter>
    </ClCompile>
    <ClCompile Include="GeneratedFiles\Debug\moc_GameView.cpp">
      <Filter>Generated Files\Debug</Filter>
    </ClCompile>
    <ClCompile Include="GeneratedFiles\Release\moc_GameView.cpp">
      <Filter>Generated Files\Release</Filter>
    </ClCompile>
    <ClCompile Include="PlayModule\Source\GameView.cpp">
      <Filter>Source Files</Filter>
    </ClCompile>
    <ClCompile Include="AIModule\Source\PathFinderAI.cpp">
      <Filter>Source Files</Filter>
    </ClCompile>
    <ClCompile Include="AIModule\Source\PathFinderNode.cpp">
      <Filter>Source Files</Filter>
    </ClCompile>
    <ClCompile Include="AIModule\Source\PathFinderQueue.cpp">
      <Filter>Source Files</Filter>
    </ClCompile>
    <ClCompile Include="PlayModule\Source\EnvironmentFloorItem.cpp">
      <Filter>Source Files</Filter>
    </ClCompile>
    <ClCompile Include="PlayModule\Source\EnvironmentCeilingItem.cpp">
      <Filter>Source Files</Filter>
    </ClCompile>
    <ClCompile Include="GeneratedFiles\Debug\moc_EnvironmentCeilingItem.cpp">
      <Filter>Generated Files\Debug</Filter>
    </ClCompile>
    <ClCompile Include="GeneratedFiles\Release\moc_EnvironmentCeilingItem.cpp">
      <Filter>Generated Files\Release</Filter>
    </ClCompile>
    <ClCompile Include="GeneratedFiles\Debug\moc_EnvironmentFloorItem.cpp">
      <Filter>Generated Files\Debug</Filter>
    </ClCompile>
    <ClCompile Include="GeneratedFiles\Release\moc_EnvironmentFloorItem.cpp">
      <Filter>Generated Files\Release</Filter>
    </ClCompile>
    <ClCompile Include="GeneratedFiles\Debug\moc_SoundItem.cpp">
      <Filter>Generated Files\Debug</Filter>
    </ClCompile>
    <ClCompile Include="GeneratedFiles\Release\moc_SoundItem.cpp">
      <Filter>Generated Files\Release</Filter>
    </ClCompile>
    <ClCompile Include="PlayModule\Source\SoundItem.cpp">
      <Filter>Source Files</Filter>
    </ClCompile>
    <ClCompile Include="PlayModule\Source\TextEventHandler.cpp">
      <Filter>Source Files</Filter>
    </ClCompile>
    <ClCompile Include="GeneratedFiles\Debug\moc_TextEventHandler.cpp">
      <Filter>Generated Files\Debug</Filter>
    </ClCompile>
    <ClCompile Include="GeneratedFiles\Release\moc_TextEventHandler.cpp">
      <Filter>Generated Files\Release</Filter>
    </ClCompile>
    <ClCompile Include="Components\Source\Object.cpp">
      <Filter>Source Files</Filter>
    </ClCompile>
    <ClCompile Include="GeneratedFiles\Debug\moc_ObjectSystem.cpp">
      <Filter>Generated Files\Debug</Filter>
    </ClCompile>
    <ClCompile Include="GeneratedFiles\Release\moc_ObjectSystem.cpp">
      <Filter>Generated Files\Release</Filter>
    </ClCompile>
    <ClCompile Include="Components\Source\ObjectSystem.cpp">
      <Filter>Source Files</Filter>
    </ClCompile>
    <ClCompile Include="Components\Source\EnvironmentSystem.cpp">
      <Filter>Source Files</Filter>
    </ClCompile>
    <ClCompile Include="GeneratedFiles\Debug\moc_CharacterSystem.cpp">
      <Filter>Generated Files\Debug</Filter>
    </ClCompile>
    <ClCompile Include="GeneratedFiles\Release\moc_CharacterSystem.cpp">
      <Filter>Generated Files\Release</Filter>
    </ClCompile>
    <ClCompile Include="Components\Source\CharacterSystem.cpp">
      <Filter>Source Files</Filter>
    </ClCompile>
    <ClCompile Include="Components\Source\EnemySystem.cpp">
      <Filter>Source Files</Filter>
    </ClCompile>
    <ClCompile Include="GeneratedFiles\Debug\moc_BattlegroupSystem.cpp">
      <Filter>Generated Files\Debug</Filter>
    </ClCompile>
    <ClCompile Include="GeneratedFiles\Release\moc_BattlegroupSystem.cpp">
      <Filter>Generated Files\Release</Filter>
    </ClCompile>
    <ClCompile Include="Components\Source\BattlegroupSystem.cpp">
      <Filter>Source Files</Filter>
    </ClCompile>
    <ClCompile Include="GeneratedFiles\Debug\moc_ElementSystem.cpp">
      <Filter>Generated Files\Debug</Filter>
    </ClCompile>
    <ClCompile Include="GeneratedFiles\Release\moc_ElementSystem.cpp">
      <Filter>Generated Files\Release</Filter>
    </ClCompile>
    <ClCompile Include="Components\Source\ElementSystem.cpp">
      <Filter>Source Files</Filter>
    </ClCompile>
    <ClCompile Include="GeneratedFiles\Debug\moc_ClassSystem.cpp">
      <Filter>Generated Files\Debug</Filter>
    </ClCompile>
    <ClCompile Include="GeneratedFiles\Release\moc_ClassSystem.cpp">
      <Filter>Generated Files\Release</Filter>
    </ClCompile>
    <ClCompile Include="Components\Source\ClassSystem.cpp">
      <Filter>Source Files</Filter>
    </ClCompile>
    <ClCompile Include="GeneratedFiles\Debug\moc_EquipmentSystem.cpp">
      <Filter>Generated Files\Debug</Filter>
    </ClCompile>
    <ClCompile Include="GeneratedFiles\Release\moc_EquipmentSystem.cpp">
      <Filter>Generated Files\Release</Filter>
    </ClCompile>
    <ClCompile Include="Components\Source\EquipmentSystem.cpp">
      <Filter>Source Files</Filter>
    </ClCompile>
    <ClCompile Include="GeneratedFiles\Debug\moc_TilesetSystem.cpp">
      <Filter>Generated Files\Debug</Filter>
    </ClCompile>
    <ClCompile Include="GeneratedFiles\Release\moc_TilesetSystem.cpp">
      <Filter>Generated Files\Release</Filter>
    </ClCompile>
    <ClCompile Include="Components\Source\TilesetSystem.cpp">
      <Filter>Source Files</Filter>
    </ClCompile>
    <ClCompile Include="GeneratedFiles\Debug\moc_ObjectWindow.cpp">
      <Filter>Generated Files\Debug</Filter>
    </ClCompile>
    <ClCompile Include="GeneratedFiles\Release\moc_ObjectWindow.cpp">
      <Filter>Generated Files\Release</Filter>
    </ClCompile>
    <ClCompile Include="InterfaceModule\Source\ObjectWindow.cpp">
      <Filter>Source Files</Filter>
    </ClCompile>
    <ClCompile Include="GeneratedFiles\Debug\moc_BattleScene.cpp">
      <Filter>Generated Files\Debug</Filter>
    </ClCompile>
    <ClCompile Include="GeneratedFiles\Release\moc_BattleScene.cpp">
      <Filter>Generated Files\Release</Filter>
    </ClCompile>
    <ClCompile Include="PlayModule\Source\BattleScene.cpp">
      <Filter>Source Files</Filter>
    </ClCompile>
    <ClCompile Include="PlayModule\Source\EnvironmentScene.cpp">
      <Filter>Source Files</Filter>
    </ClCompile>
    <ClCompile Include="GeneratedFiles\Debug\moc_EnvironmentScene.cpp">
      <Filter>Generated Files\Debug</Filter>
    </ClCompile>
    <ClCompile Include="GeneratedFiles\Release\moc_EnvironmentScene.cpp">
      <Filter>Generated Files\Release</Filter>
    </ClCompile>
    <ClCompile Include="GeneratedFiles\Debug\moc_BattleEnemyItem.cpp">
      <Filter>Generated Files\Debug</Filter>
    </ClCompile>
    <ClCompile Include="GeneratedFiles\Release\moc_BattleEnemyItem.cpp">
      <Filter>Generated Files\Release</Filter>
    </ClCompile>
    <ClCompile Include="PlayModule\Source\BattleEnemyItem.cpp">
      <Filter>Source Files</Filter>
    </ClCompile>
    <ClCompile Include="GeneratedFiles\Debug\moc_BattleCharacterItem.cpp">
      <Filter>Generated Files\Debug</Filter>
    </ClCompile>
    <ClCompile Include="GeneratedFiles\Release\moc_BattleCharacterItem.cpp">
      <Filter>Generated Files\Release</Filter>
    </ClCompile>
    <ClCompile Include="PlayModule\Source\BattleCharacterItem.cpp">
      <Filter>Source Files</Filter>
    </ClCompile>
    <ClCompile Include="GeneratedFiles\Debug\moc_BattleBackgroundItem.cpp">
      <Filter>Generated Files\Debug</Filter>
    </ClCompile>
    <ClCompile Include="GeneratedFiles\Release\moc_BattleBackgroundItem.cpp">
      <Filter>Generated Files\Release</Filter>
    </ClCompile>
    <ClCompile Include="PlayModule\Source\BattleBackgroundItem.cpp">
      <Filter>Source Files</Filter>
    </ClCompile>
    <ClCompile Include="GeneratedFiles\Debug\moc_BattleItem.cpp">
      <Filter>Generated Files\Debug</Filter>
    </ClCompile>
    <ClCompile Include="GeneratedFiles\Release\moc_BattleItem.cpp">
      <Filter>Generated Files\Release</Filter>
    </ClCompile>
    <ClCompile Include="PlayModule\Source\BattleItem.cpp">
      <Filter>Source Files</Filter>
    </ClCompile>
    <ClCompile Include="GeneratedFiles\Debug\moc_BattleAbilitySelection.cpp">
      <Filter>Generated Files\Debug</Filter>
    </ClCompile>
    <ClCompile Include="GeneratedFiles\Release\moc_BattleAbilitySelection.cpp">
      <Filter>Generated Files\Release</Filter>
    </ClCompile>
    <ClCompile Include="PlayModule\Source\BattleAbilitySelection.cpp">
      <Filter>Source Files</Filter>
    </ClCompile>
    <ClCompile Include="GeneratedFiles\Debug\moc_BattleCharacterStatus.cpp">
      <Filter>Generated Files\Debug</Filter>
    </ClCompile>
    <ClCompile Include="GeneratedFiles\Release\moc_BattleCharacterStatus.cpp">
      <Filter>Generated Files\Release</Filter>
    </ClCompile>
    <ClCompile Include="PlayModule\Source\BattleCharacterStatus.cpp">
      <Filter>Source Files</Filter>
    </ClCompile>
    <ClCompile Include="GeneratedFiles\Debug\moc_BattleMessage.cpp">
      <Filter>Generated Files\Debug</Filter>
    </ClCompile>
    <ClCompile Include="GeneratedFiles\Release\moc_BattleMessage.cpp">
      <Filter>Generated Files\Release</Filter>
    </ClCompile>
    <ClCompile Include="PlayModule\Source\BattleMessage.cpp">
      <Filter>Source Files</Filter>
    </ClCompile>
    <ClCompile Include="GeneratedFiles\Debug\moc_BattleTargetPointer.cpp">
      <Filter>Generated Files\Debug</Filter>
    </ClCompile>
    <ClCompile Include="GeneratedFiles\Release\moc_BattleTargetPointer.cpp">
      <Filter>Generated Files\Release</Filter>
    </ClCompile>
    <ClCompile Include="PlayModule\Source\BattleTargetPointer.cpp">
      <Filter>Source Files</Filter>
    </ClCompile>
    <ClCompile Include="GeneratedFiles\Debug\moc_BattleTargetSelection.cpp">
      <Filter>Generated Files\Debug</Filter>
    </ClCompile>
    <ClCompile Include="GeneratedFiles\Release\moc_BattleTargetSelection.cpp">
      <Filter>Generated Files\Release</Filter>
    </ClCompile>
    <ClCompile Include="PlayModule\Source\BattleTargetSelection.cpp">
      <Filter>Source Files</Filter>
    </ClCompile>
    <ClCompile Include="PlayModule\Source\BattleAction.cpp">
      <Filter>Source Files</Filter>
    </ClCompile>
    <ClCompile Include="AIModule\Source\BattleAI.cpp">
      <Filter>Source Files</Filter>
    </ClCompile>
    <ClCompile Include="GeneratedFiles\Debug\moc_EnvironmentCharacterItem.cpp">
      <Filter>Generated Files\Debug</Filter>
    </ClCompile>
    <ClCompile Include="GeneratedFiles\Release\moc_EnvironmentCharacterItem.cpp">
      <Filter>Generated Files\Release</Filter>
    </ClCompile>
    <ClCompile Include="PlayModule\Source\EnvironmentCharacterItem.cpp">
      <Filter>Source Files</Filter>
    </ClCompile>
    <ClCompile Include="AIModule\Source\BattleAISearchNode.cpp">
      <Filter>Source Files</Filter>
    </ClCompile>
    <ClCompile Include="AIModule\Source\BattleAIBattlerInfo.cpp">
      <Filter>Source Files</Filter>
    </ClCompile>
    <ClCompile Include="GeneratedFiles\Debug\moc_MenuScene.cpp">
      <Filter>Generated Files\Debug</Filter>
    </ClCompile>
    <ClCompile Include="GeneratedFiles\Release\moc_MenuScene.cpp">
      <Filter>Generated Files\Release</Filter>
    </ClCompile>
    <ClCompile Include="GeneratedFiles\Debug\moc_EnvironmentItem.cpp">
      <Filter>Generated Files\Debug</Filter>
    </ClCompile>
    <ClCompile Include="GeneratedFiles\Release\moc_EnvironmentItem.cpp">
      <Filter>Generated Files\Release</Filter>
    </ClCompile>
    <ClCompile Include="PlayModule\Source\EnvironmentItem.cpp">
      <Filter>Source Files</Filter>
    </ClCompile>
    <ClCompile Include="PlayModule\Source\MenuScene.cpp">
      <Filter>Source Files</Filter>
    </ClCompile>
    <ClCompile Include="GeneratedFiles\Debug\moc_MenuMainScreen.cpp">
      <Filter>Generated Files\Debug</Filter>
    </ClCompile>
    <ClCompile Include="GeneratedFiles\Release\moc_MenuMainScreen.cpp">
      <Filter>Generated Files\Release</Filter>
    </ClCompile>
    <ClCompile Include="PlayModule\Source\MenuMainScreen.cpp">
      <Filter>Source Files</Filter>
    </ClCompile>
    <ClCompile Include="PlayModule\Source\MenuMainCharacterItem.cpp">
      <Filter>Source Files</Filter>
    </ClCompile>
    <ClCompile Include="GeneratedFiles\Debug\moc_MenuEquipmentScreen.cpp">
      <Filter>Generated Files\Debug</Filter>
    </ClCompile>
    <ClCompile Include="GeneratedFiles\Release\moc_MenuEquipmentScreen.cpp">
      <Filter>Generated Files\Release</Filter>
    </ClCompile>
    <ClCompile Include="PlayModule\Source\Inventory.cpp">
      <Filter>Source Files</Filter>
    </ClCompile>
    <ClCompile Include="PlayModule\Source\MenuEquipmentScreen.cpp">
      <Filter>Source Files</Filter>
    </ClCompile>
    <ClCompile Include="PlayModule\Source\BattleCharacterEquipment.cpp">
      <Filter>Source Files</Filter>
    </ClCompile>
    <ClCompile Include="GeneratedFiles\Debug\moc_MenuProfileScreen.cpp">
      <Filter>Generated Files\Debug</Filter>
    </ClCompile>
    <ClCompile Include="GeneratedFiles\Release\moc_MenuProfileScreen.cpp">
      <Filter>Generated Files\Release</Filter>
    </ClCompile>
    <ClCompile Include="PlayModule\Source\MenuProfileScreen.cpp">
      <Filter>Source Files</Filter>
    </ClCompile>
    <ClCompile Include="GeneratedFiles\Debug\moc_MenuInventoryScreen.cpp">
      <Filter>Generated Files\Debug</Filter>
    </ClCompile>
    <ClCompile Include="GeneratedFiles\Release\moc_MenuInventoryScreen.cpp">
      <Filter>Generated Files\Release</Filter>
    </ClCompile>
    <ClCompile Include="PlayModule\Source\MenuInventoryScreen.cpp">
      <Filter>Source Files</Filter>
    </ClCompile>
    <ClCompile Include="GeneratedFiles\Debug\moc_MenuAbilitiesScreen.cpp">
      <Filter>Generated Files\Debug</Filter>
    </ClCompile>
    <ClCompile Include="GeneratedFiles\Release\moc_MenuAbilitiesScreen.cpp">
      <Filter>Generated Files\Release</Filter>
    </ClCompile>
    <ClCompile Include="PlayModule\Source\MenuAbilitiesScreen.cpp">
      <Filter>Source Files</Filter>
    </ClCompile>
    <ClCompile Include="PlayModule\Source\GameEvent.cpp">
      <Filter>Source Files</Filter>
    </ClCompile>
    <ClCompile Include="GeneratedFiles\Debug\moc_EventConfigWindow.cpp">
      <Filter>Generated Files\Debug</Filter>
    </ClCompile>
    <ClCompile Include="GeneratedFiles\Release\moc_EventConfigWindow.cpp">
      <Filter>Generated Files\Release</Filter>
    </ClCompile>
    <ClCompile Include="InterfaceModule\Source\EventConfigWindow.cpp">
      <Filter>Source Files</Filter>
    </ClCompile>
    <ClCompile Include="GeneratedFiles\Debug\moc_Tileset.cpp">
      <Filter>Generated Files\Debug</Filter>
    </ClCompile>
    <ClCompile Include="GeneratedFiles\Release\moc_Tileset.cpp">
      <Filter>Generated Files\Release</Filter>
    </ClCompile>
    <ClCompile Include="GeneratedFiles\Debug\moc_Project.cpp">
      <Filter>Generated Files\Debug</Filter>
    </ClCompile>
    <ClCompile Include="GeneratedFiles\Release\moc_Project.cpp">
      <Filter>Generated Files\Release</Filter>
    </ClCompile>
    <ClCompile Include="GeneratedFiles\Debug\moc_PortalEvent.cpp">
      <Filter>Generated Files\Debug</Filter>
    </ClCompile>
    <ClCompile Include="GeneratedFiles\Release\moc_PortalEvent.cpp">
      <Filter>Generated Files\Release</Filter>
    </ClCompile>
    <ClCompile Include="GeneratedFiles\Debug\moc_Object.cpp">
      <Filter>Generated Files\Debug</Filter>
    </ClCompile>
    <ClCompile Include="GeneratedFiles\Release\moc_Object.cpp">
      <Filter>Generated Files\Release</Filter>
    </ClCompile>
    <ClCompile Include="GeneratedFiles\Debug\moc_EventSystem.cpp">
      <Filter>Generated Files\Debug</Filter>
    </ClCompile>
    <ClCompile Include="GeneratedFiles\Release\moc_EventSystem.cpp">
      <Filter>Generated Files\Release</Filter>
    </ClCompile>
    <ClCompile Include="GeneratedFiles\Debug\moc_Event.cpp">
      <Filter>Generated Files\Debug</Filter>
    </ClCompile>
    <ClCompile Include="GeneratedFiles\Release\moc_Event.cpp">
      <Filter>Generated Files\Release</Filter>
    </ClCompile>
    <ClCompile Include="GeneratedFiles\Debug\moc_EnvironmentSystem.cpp">
      <Filter>Generated Files\Debug</Filter>
    </ClCompile>
    <ClCompile Include="GeneratedFiles\Release\moc_EnvironmentSystem.cpp">
      <Filter>Generated Files\Release</Filter>
    </ClCompile>
    <ClCompile Include="GeneratedFiles\Debug\moc_EnemySystem.cpp">
      <Filter>Generated Files\Debug</Filter>
    </ClCompile>
    <ClCompile Include="GeneratedFiles\Release\moc_EnemySystem.cpp">
      <Filter>Generated Files\Release</Filter>
    </ClCompile>
    <ClCompile Include="GeneratedFiles\Debug\moc_EquipmentPiece.cpp">
      <Filter>Generated Files\Debug</Filter>
    </ClCompile>
    <ClCompile Include="GeneratedFiles\Release\moc_EquipmentPiece.cpp">
      <Filter>Generated Files\Release</Filter>
    </ClCompile>
    <ClCompile Include="GeneratedFiles\Debug\moc_Character.cpp">
      <Filter>Generated Files\Debug</Filter>
    </ClCompile>
    <ClCompile Include="GeneratedFiles\Release\moc_Character.cpp">
      <Filter>Generated Files\Release</Filter>
    </ClCompile>
    <ClCompile Include="GeneratedFiles\Debug\moc_Battlegroup.cpp">
      <Filter>Generated Files\Debug</Filter>
    </ClCompile>
    <ClCompile Include="GeneratedFiles\Release\moc_Battlegroup.cpp">
      <Filter>Generated Files\Release</Filter>
    </ClCompile>
    <ClCompile Include="GeneratedFiles\Debug\moc_BattleEvent.cpp">
      <Filter>Generated Files\Debug</Filter>
    </ClCompile>
    <ClCompile Include="GeneratedFiles\Release\moc_BattleEvent.cpp">
      <Filter>Generated Files\Release</Filter>
    </ClCompile>
    <ClCompile Include="GeneratedFiles\Debug\moc_Ability.cpp">
      <Filter>Generated Files\Debug</Filter>
    </ClCompile>
    <ClCompile Include="GeneratedFiles\Release\moc_Ability.cpp">
      <Filter>Generated Files\Release</Filter>
    </ClCompile>
    <ClCompile Include="GeneratedFiles\Debug\moc_TextEventWindow.cpp">
      <Filter>Generated Files\Debug</Filter>
    </ClCompile>
    <ClCompile Include="GeneratedFiles\Release\moc_TextEventWindow.cpp">
      <Filter>Generated Files\Release</Filter>
    </ClCompile>
    <ClCompile Include="GeneratedFiles\Debug\moc_EnemiesWindow.cpp">
      <Filter>Generated Files\Debug</Filter>
    </ClCompile>
    <ClCompile Include="GeneratedFiles\Release\moc_EnemiesWindow.cpp">
      <Filter>Generated Files\Release</Filter>
    </ClCompile>
  </ItemGroup>
  <ItemGroup>
    <CustomBuild Include="rpgmaker.ui">
      <Filter>Form Files</Filter>
    </CustomBuild>
    <CustomBuild Include="rpgmaker.qrc">
      <Filter>Resource Files</Filter>
    </CustomBuild>
    <CustomBuild Include="Logger.h">
      <Filter>Header Files</Filter>
    </CustomBuild>
    <CustomBuild Include="Components\Headers\Project.h">
      <Filter>Header Files</Filter>
    </CustomBuild>
    <CustomBuild Include="Components\Headers\Character.h">
      <Filter>Header Files</Filter>
    </CustomBuild>
    <CustomBuild Include="Components\Headers\Enemy.h">
      <Filter>Header Files</Filter>
    </CustomBuild>
    <CustomBuild Include="Components\Headers\Properties.h">
      <Filter>Header Files</Filter>
    </CustomBuild>
    <CustomBuild Include="Components\Headers\Ability.h">
      <Filter>Header Files</Filter>
    </CustomBuild>
    <CustomBuild Include="Components\Headers\Armor.h">
      <Filter>Header Files</Filter>
    </CustomBuild>
    <CustomBuild Include="Components\Headers\Attribute.h">
      <Filter>Header Files</Filter>
    </CustomBuild>
    <CustomBuild Include="Components\Headers\Class.h">
      <Filter>Header Files</Filter>
    </CustomBuild>
    <CustomBuild Include="Components\Headers\Element.h">
      <Filter>Header Files</Filter>
    </CustomBuild>
    <CustomBuild Include="InterfaceModule\Headers\InterfaceModule.h">
      <Filter>Header Files</Filter>
    </CustomBuild>
    <CustomBuild Include="InterfaceModule\Headers\ElementsWindow.h">
      <Filter>Header Files</Filter>
    </CustomBuild>
    <CustomBuild Include="InterfaceModule\Headers\EnvironmentsWindow.h">
      <Filter>Header Files</Filter>
    </CustomBuild>
    <CustomBuild Include="InterfaceModule\Headers\ProjectWindow.h">
      <Filter>Header Files</Filter>
    </CustomBuild>
    <CustomBuild Include="InterfaceModule\Headers\EnvironmentConfigWindow.h">
      <Filter>Header Files</Filter>
    </CustomBuild>
    <CustomBuild Include="InterfaceModule\Headers\TilesetConfigWindow.h">
      <Filter>Header Files</Filter>
    </CustomBuild>
    <CustomBuild Include="Components\Headers\Weapon.h">
      <Filter>Header Files</Filter>
    </CustomBuild>
    <CustomBuild Include="Components\Headers\Environment.h">
      <Filter>Header Files</Filter>
    </CustomBuild>
    <CustomBuild Include="Components\Headers\Tileset.h">
      <Filter>Header Files</Filter>
    </CustomBuild>
    <CustomBuild Include="InterfaceModule\Headers\CharactersWindow.h">
      <Filter>Header Files</Filter>
    </CustomBuild>
    <CustomBuild Include="InterfaceModule\Headers\EnemiesWindow.h">
      <Filter>Header Files</Filter>
    </CustomBuild>
    <CustomBuild Include="InterfaceModule\Headers\CharacterConfigWindow.h">
      <Filter>Header Files</Filter>
    </CustomBuild>
    <CustomBuild Include="InterfaceModule\Headers\EnemyConfigWindow.h">
      <Filter>Header Files</Filter>
    </CustomBuild>
    <CustomBuild Include="InterfaceModule\Headers\CharactersAndEnemiesWindow.h">
      <Filter>Header Files</Filter>
    </CustomBuild>
    <CustomBuild Include="Components\Headers\AttributeSystem.h">
      <Filter>Header Files</Filter>
    </CustomBuild>
    <CustomBuild Include="InterfaceModule\Headers\AttributesWindow.h">
      <Filter>Header Files</Filter>
    </CustomBuild>
    <CustomBuild Include="Components\Headers\AbilitySystem.h">
      <Filter>Header Files</Filter>
    </CustomBuild>
    <CustomBuild Include="InterfaceModule\Headers\AbilitiesWindow.h">
      <Filter>Header Files</Filter>
    </CustomBuild>
    <CustomBuild Include="InterfaceModule\Headers\ClassesWindow.h">
      <Filter>Header Files</Filter>
    </CustomBuild>
    <CustomBuild Include="InterfaceModule\Headers\ArmorWindow.h">
      <Filter>Header Files</Filter>
    </CustomBuild>
    <CustomBuild Include="InterfaceModule\Headers\WeaponWindow.h">
      <Filter>Header Files</Filter>
    </CustomBuild>
    <CustomBuild Include="Components\Headers\CharacterEquipment.h">
      <Filter>Header Files</Filter>
    </CustomBuild>
    <CustomBuild Include="Components\Headers\EnemyDrops.h">
      <Filter>Header Files</Filter>
    </CustomBuild>
    <CustomBuild Include="Components\Headers\EquipmentPiece.h">
      <Filter>Header Files</Filter>
    </CustomBuild>
    <CustomBuild Include="InterfaceModule\Headers\TileAccessWindow.h">
      <Filter>Header Files</Filter>
    </CustomBuild>
    <CustomBuild Include="Components\Headers\Accessory.h">
      <Filter>Header Files</Filter>
    </CustomBuild>
    <CustomBuild Include="InterfaceModule\Headers\AccessoriesWindow.h">
      <Filter>Header Files</Filter>
    </CustomBuild>
    <CustomBuild Include="Components\Headers\Event.h">
      <Filter>Header Files</Filter>
    </CustomBuild>
    <CustomBuild Include="Components\Headers\StartEvent.h">
      <Filter>Header Files</Filter>
    </CustomBuild>
    <CustomBuild Include="PlayModule\Headers\PlayModule.h">
      <Filter>Header Files</Filter>
    </CustomBuild>
    <CustomBuild Include="InterfaceModule\Headers\PlayConfigWindow.h">
      <Filter>Header Files</Filter>
    </CustomBuild>
    <CustomBuild Include="Components\Headers\Battlegroup.h">
      <Filter>Header Files</Filter>
    </CustomBuild>
    <CustomBuild Include="Components\Headers\PortalEvent.h">
      <Filter>Header Files</Filter>
    </CustomBuild>
    <CustomBuild Include="Components\Headers\TextEvent.h">
      <Filter>Header Files</Filter>
    </CustomBuild>
    <CustomBuild Include="Components\Headers\BattleEvent.h">
      <Filter>Header Files</Filter>
    </CustomBuild>
    <CustomBuild Include="Components\Headers\EventSystem.h">
      <Filter>Header Files</Filter>
    </CustomBuild>
    <CustomBuild Include="InterfaceModule\Headers\EventsWindow.h">
      <Filter>Header Files</Filter>
    </CustomBuild>
    <CustomBuild Include="InterfaceModule\Headers\TextEventWindow.h">
      <Filter>Header Files</Filter>
    </CustomBuild>
    <CustomBuild Include="InterfaceModule\Headers\PortalEventWindow.h">
      <Filter>Header Files</Filter>
    </CustomBuild>
    <CustomBuild Include="InterfaceModule\Headers\BattleEventWindow.h">
      <Filter>Header Files</Filter>
    </CustomBuild>
    <CustomBuild Include="InterfaceModule\Headers\BattlegroupsDialog.h">
      <Filter>Header Files</Filter>
    </CustomBuild>
    <CustomBuild Include="PlayModule\Headers\GameView.h">
      <Filter>Header Files</Filter>
    </CustomBuild>
    <CustomBuild Include="PlayModule\Headers\EnvironmentFloorItem.h">
      <Filter>Header Files</Filter>
    </CustomBuild>
    <CustomBuild Include="PlayModule\Headers\EnvironmentCeilingItem.h">
      <Filter>Header Files</Filter>
    </CustomBuild>
    <CustomBuild Include="PlayModule\Headers\SoundItem.h">
      <Filter>Header Files</Filter>
    </CustomBuild>
    <CustomBuild Include="PlayModule\Headers\TextEventHandler.h">
      <Filter>Header Files</Filter>
    </CustomBuild>
    <CustomBuild Include="Components\Headers\Object.h">
      <Filter>Header Files</Filter>
    </CustomBuild>
    <CustomBuild Include="Components\Headers\ObjectSystem.h">
      <Filter>Header Files</Filter>
    </CustomBuild>
    <CustomBuild Include="Components\Headers\EnvironmentSystem.h">
      <Filter>Header Files</Filter>
    </CustomBuild>
    <CustomBuild Include="Components\Headers\CharacterSystem.h">
      <Filter>Header Files</Filter>
    </CustomBuild>
    <CustomBuild Include="Components\Headers\EnemySystem.h">
      <Filter>Header Files</Filter>
    </CustomBuild>
    <CustomBuild Include="Components\Headers\BattlegroupSystem.h">
      <Filter>Header Files</Filter>
    </CustomBuild>
    <CustomBuild Include="Components\Headers\ElementSystem.h">
      <Filter>Header Files</Filter>
    </CustomBuild>
    <CustomBuild Include="Components\Headers\ClassSystem.h">
      <Filter>Header Files</Filter>
    </CustomBuild>
    <CustomBuild Include="Components\Headers\EquipmentSystem.h">
      <Filter>Header Files</Filter>
    </CustomBuild>
    <CustomBuild Include="Components\Headers\TilesetSystem.h">
      <Filter>Header Files</Filter>
    </CustomBuild>
    <CustomBuild Include="InterfaceModule\Headers\ObjectWindow.h">
      <Filter>Header Files</Filter>
    </CustomBuild>
    <CustomBuild Include="PlayModule\Headers\BattleScene.h">
      <Filter>Header Files</Filter>
    </CustomBuild>
    <CustomBuild Include="PlayModule\Headers\EnvironmentScene.h">
      <Filter>Header Files</Filter>
    </CustomBuild>
    <CustomBuild Include="PlayModule\Headers\BattleEnemyItem.h">
      <Filter>Header Files</Filter>
    </CustomBuild>
    <CustomBuild Include="PlayModule\Headers\BattleCharacterItem.h">
      <Filter>Header Files</Filter>
    </CustomBuild>
    <CustomBuild Include="PlayModule\Headers\BattleBackgroundItem.h">
      <Filter>Header Files</Filter>
    </CustomBuild>
    <CustomBuild Include="PlayModule\Headers\BattleItem.h">
      <Filter>Header Files</Filter>
    </CustomBuild>
    <CustomBuild Include="PlayModule\Headers\BattleAbilitySelection.h">
      <Filter>Header Files</Filter>
    </CustomBuild>
    <CustomBuild Include="PlayModule\Headers\BattleCharacterStatus.h">
      <Filter>Header Files</Filter>
    </CustomBuild>
    <CustomBuild Include="PlayModule\Headers\BattleMessage.h">
      <Filter>Header Files</Filter>
    </CustomBuild>
    <CustomBuild Include="PlayModule\Headers\BattleTargetPointer.h">
      <Filter>Header Files</Filter>
    </CustomBuild>
    <CustomBuild Include="PlayModule\Headers\BattleTargetSelection.h">
      <Filter>Header Files</Filter>
    </CustomBuild>
    <CustomBuild Include="PlayModule\Headers\EnvironmentCharacterItem.h">
      <Filter>Header Files</Filter>
    </CustomBuild>
    <CustomBuild Include="PlayModule\Headers\MenuScene.h">
      <Filter>Header Files</Filter>
    </CustomBuild>
    <CustomBuild Include="PlayModule\Headers\EnvironmentItem.h">
      <Filter>Header Files</Filter>
    </CustomBuild>
    <CustomBuild Include="PlayModule\Headers\MenuMainScreen.h">
      <Filter>Header Files</Filter>
    </CustomBuild>
    <CustomBuild Include="PlayModule\Headers\MenuEquipmentScreen.h">
      <Filter>Header Files</Filter>
    </CustomBuild>
    <CustomBuild Include="PlayModule\Headers\MenuProfileScreen.h">
      <Filter>Header Files</Filter>
    </CustomBuild>
    <CustomBuild Include="PlayModule\Headers\MenuInventoryScreen.h">
      <Filter>Header Files</Filter>
    </CustomBuild>
    <CustomBuild Include="PlayModule\Headers\MenuAbilitiesScreen.h">
      <Filter>Header Files</Filter>
    </CustomBuild>
    <CustomBuild Include="InterfaceModule\Headers\EventConfigWindow.h">
      <Filter>Header Files</Filter>
    </CustomBuild>
  </ItemGroup>
  <ItemGroup>
    <ClInclude Include="GeneratedFiles\ui_rpgmaker.h">
      <Filter>Generated Files</Filter>
    </ClInclude>
    <ClInclude Include="ProgramDefaults.h">
      <Filter>Header Files</Filter>
    </ClInclude>
    <ClInclude Include="Components\Headers\ProjectException.h">
      <Filter>Header Files</Filter>
    </ClInclude>
    <ClInclude Include="Components\Headers\ProjectTemplateFunctions.h">
      <Filter>Header Files</Filter>
    </ClInclude>
    <ClInclude Include="InterfaceModule\Headers\InterfaceException.h">
      <Filter>Header Files</Filter>
    </ClInclude>
    <ClInclude Include="InterfaceModule\Headers\PropertiesWindow.h">
      <Filter>Header Files</Filter>
    </ClInclude>
    <ClInclude Include="XMLModule\Headers\XMLException.h">
      <Filter>Header Files</Filter>
    </ClInclude>
    <ClInclude Include="XMLModule\Headers\XMLTranslator.h">
      <Filter>Header Files</Filter>
    </ClInclude>
    <ClInclude Include="XMLModule\Headers\XMLMessageHandler.h">
      <Filter>Header Files</Filter>
    </ClInclude>
    <ClInclude Include="XMLModule\Headers\XMLMobule.h">
      <Filter>Header Files</Filter>
    </ClInclude>
    <ClInclude Include="Components\Headers\Tile.h">
      <Filter>Header Files</Filter>
    </ClInclude>
    <ClInclude Include="Components\Headers\StaticTile.h">
      <Filter>Header Files</Filter>
    </ClInclude>
    <ClInclude Include="Components\Headers\AutoTile.h">
      <Filter>Header Files</Filter>
    </ClInclude>
    <ClInclude Include="Components\Headers\StaticTileset.h">
      <Filter>Header Files</Filter>
    </ClInclude>
    <ClInclude Include="Components\Headers\AutoTileset.h">
      <Filter>Header Files</Filter>
    </ClInclude>
    <ClInclude Include="PlayModule\Headers\Party.h">
      <Filter>Header Files</Filter>
    </ClInclude>
    <ClInclude Include="PlayModule\Headers\PlayException.h">
      <Filter>Header Files</Filter>
    </ClInclude>
    <ClInclude Include="AIModule\Headers\PathFinderAI.h">
      <Filter>Header Files</Filter>
    </ClInclude>
    <ClInclude Include="AIModule\Headers\PathFinderNode.h">
      <Filter>Header Files</Filter>
    </ClInclude>
    <ClInclude Include="AIModule\Headers\PathFinderQueue.h">
      <Filter>Header Files</Filter>
    </ClInclude>
    <ClInclude Include="PlayModule\Headers\BattleAction.h">
      <Filter>Header Files</Filter>
    </ClInclude>
    <ClInclude Include="AIModule\Headers\BattleAI.h">
      <Filter>Header Files</Filter>
    </ClInclude>
    <ClInclude Include="AIModule\Headers\BattleAISearchNode.h">
      <Filter>Header Files</Filter>
    </ClInclude>
    <ClInclude Include="AIModule\Headers\BattleAIBattlerInfo.h">
      <Filter>Header Files</Filter>
    </ClInclude>
    <ClInclude Include="PlayModule\Headers\MenuMainCharacterItem.h">
      <Filter>Header Files</Filter>
    </ClInclude>
    <ClInclude Include="PlayModule\Headers\Inventory.h">
      <Filter>Header Files</Filter>
    </ClInclude>
    <ClInclude Include="PlayModule\Headers\BattleCharacterEquipment.h">
      <Filter>Header Files</Filter>
    </ClInclude>
    <ClInclude Include="PlayModule\Headers\GameEvent.h">
      <Filter>Header Files</Filter>
    </ClInclude>
  </ItemGroup>
  <ItemGroup>
    <None Include="Resources\config\icons\copy.png" />
    <None Include="Resources\config\icons\cut.png" />
    <None Include="Resources\config\icons\save.png" />
    <None Include="Resources\config\icons\new.png" />
    <None Include="Resources\config\icons\open.png" />
    <None Include="Resources\config\icons\paste.png" />
  </ItemGroup>
</Project>